
Microsoft Visual Studio Solution File, Format Version 12.00
# Visual Studio Version 16
VisualStudioVersion = 16.0.31105.61
MinimumVisualStudioVersion = 10.0.40219.1
Project("{FAE04EC0-301F-11D3-BF4B-00C04F79EFBC}") = "ConsoleUIExchangeRates", "ConsoleUIExchangeRates\ConsoleUIExchangeRates.csproj", "{84FB0FA6-9D15-4745-8607-4783E52B7AA0}"
EndProject
Global
	GlobalSection(SolutionConfigurationPlatforms) = preSolution
		Debug|Any CPU = Debug|Any CPU
		Release|Any CPU = Release|Any CPU
	EndGlobalSection
	GlobalSection(ProjectConfigurationPlatforms) = postSolution
		{84FB0FA6-9D15-4745-8607-4783E52B7AA0}.Debug|Any CPU.ActiveCfg = Debug|Any CPU
		{84FB0FA6-9D15-4745-8607-4783E52B7AA0}.Debug|Any CPU.Build.0 = Debug|Any CPU
		{84FB0FA6-9D15-4745-8607-4783E52B7AA0}.Release|Any CPU.ActiveCfg = Release|Any CPU
		{84FB0FA6-9D15-4745-8607-4783E52B7AA0}.Release|Any CPU.Build.0 = Release|Any CPU
	EndGlobalSection
	GlobalSection(SolutionProperties) = preSolution
		HideSolutionNode = FALSE
	EndGlobalSection
	GlobalSection(ExtensibilityGlobals) = postSolution
		SolutionGuid = {9E3C1554-0A59-4B6B-BB38-D310BE59BC05}
	EndGlobalSection
EndGlobal
